// !$*UTF8*$!
{
	archiveVersion = 1;
	classes = {
	};
	objectVersion = 46;
	objects = {

/* Begin PBXBuildFile section */
		BBCC0D601CB56B280007CAF0 /* AppDelegate.swift in Sources */ = {isa = PBXBuildFile; fileRef = BBCC0D5F1CB56B280007CAF0 /* AppDelegate.swift */; };
		BBCC0D621CB56B280007CAF0 /* ViewController.swift in Sources */ = {isa = PBXBuildFile; fileRef = BBCC0D611CB56B280007CAF0 /* ViewController.swift */; };
		BBCC0D651CB56B280007CAF0 /* Main.storyboard in Resources */ = {isa = PBXBuildFile; fileRef = BBCC0D631CB56B280007CAF0 /* Main.storyboard */; };
		BBCC0D671CB56B280007CAF0 /* Assets.xcassets in Resources */ = {isa = PBXBuildFile; fileRef = BBCC0D661CB56B280007CAF0 /* Assets.xcassets */; };
		BBCC0D6A1CB56B280007CAF0 /* LaunchScreen.storyboard in Resources */ = {isa = PBXBuildFile; fileRef = BBCC0D681CB56B280007CAF0 /* LaunchScreen.storyboard */; };
		BBCC0D751CB56B280007CAF0 /* switchTests.swift in Sources */ = {isa = PBXBuildFile; fileRef = BBCC0D741CB56B280007CAF0 /* switchTests.swift */; };
		BBCC0D801CB56B280007CAF0 /* switchUITests.swift in Sources */ = {isa = PBXBuildFile; fileRef = BBCC0D7F1CB56B280007CAF0 /* switchUITests.swift */; };
/* End PBXBuildFile section */

/* Begin PBXContainerItemProxy section */
		BBCC0D711CB56B280007CAF0 /* PBXContainerItemProxy */ = {
			isa = PBXContainerItemProxy;
			containerPortal = BBCC0D541CB56B280007CAF0 /* Project object */;
			proxyType = 1;
			remoteGlobalIDString = BBCC0D5B1CB56B280007CAF0;
			remoteInfo = switch;
		};
		BBCC0D7C1CB56B280007CAF0 /* PBXContainerItemProxy */ = {
			isa = PBXContainerItemProxy;
			containerPortal = BBCC0D541CB56B280007CAF0 /* Project object */;
			proxyType = 1;
			remoteGlobalIDString = BBCC0D5B1CB56B280007CAF0;
			remoteInfo = switch;
		};
/* End PBXContainerItemProxy section */

/* Begin PBXFileReference section */
		BBCC0D5C1CB56B280007CAF0 /* switch.app */ = {isa = PBXFileReference; explicitFileType = wrapper.application; includeInIndex = 0; path = switch.app; sourceTree = BUILT_PRODUCTS_DIR; };
		BBCC0D5F1CB56B280007CAF0 /* AppDelegate.swift */ = {isa = PBXFileReference; lastKnownFileType = sourcecode.swift; path = AppDelegate.swift; sourceTree = "<group>"; };
		BBCC0D611CB56B280007CAF0 /* ViewController.swift */ = {isa = PBXFileReference; lastKnownFileType = sourcecode.swift; path = ViewController.swift; sourceTree = "<group>"; };
		BBCC0D641CB56B280007CAF0 /* Base */ = {isa = PBXFileReference; lastKnownFileType = file.storyboard; name = Base; path = Base.lproj/Main.storyboard; sourceTree = "<group>"; };
		BBCC0D661CB56B280007CAF0 /* Assets.xcassets */ = {isa = PBXFileReference; lastKnownFileType = folder.assetcatalog; path = Assets.xcassets; sourceTree = "<group>"; };
		BBCC0D691CB56B280007CAF0 /* Base */ = {isa = PBXFileReference; lastKnownFileType = file.storyboard; name = Base; path = Base.lproj/LaunchScreen.storyboard; sourceTree = "<group>"; };
		BBCC0D6B1CB56B280007CAF0 /* Info.plist */ = {isa = PBXFileReference; lastKnownFileType = text.plist.xml; path = Info.plist; sourceTree = "<group>"; };
		BBCC0D701CB56B280007CAF0 /* switchTests.xctest */ = {isa = PBXFileReference; explicitFileType = wrapper.cfbundle; includeInIndex = 0; path = switchTests.xctest; sourceTree = BUILT_PRODUCTS_DIR; };
		BBCC0D741CB56B280007CAF0 /* switchTests.swift */ = {isa = PBXFileReference; lastKnownFileType = sourcecode.swift; path = switchTests.swift; sourceTree = "<group>"; };
		BBCC0D761CB56B280007CAF0 /* Info.plist */ = {isa = PBXFileReference; lastKnownFileType = text.plist.xml; path = Info.plist; sourceTree = "<group>"; };
		BBCC0D7B1CB56B280007CAF0 /* switchUITests.xctest */ = {isa = PBXFileReference; explicitFileType = wrapper.cfbundle; includeInIndex = 0; path = switchUITests.xctest; sourceTree = BUILT_PRODUCTS_DIR; };
		BBCC0D7F1CB56B280007CAF0 /* switchUITests.swift */ = {isa = PBXFileReference; lastKnownFileType = sourcecode.swift; path = switchUITests.swift; sourceTree = "<group>"; };
		BBCC0D811CB56B280007CAF0 /* Info.plist */ = {isa = PBXFileReference; lastKnownFileType = text.plist.xml; path = Info.plist; sourceTree = "<group>"; };
/* End PBXFileReference section */

/* Begin PBXFrameworksBuildPhase section */
		BBCC0D591CB56B280007CAF0 /* Frameworks */ = {
			isa = PBXFrameworksBuildPhase;
			buildActionMask = 2147483647;
			files = (
			);
			runOnlyForDeploymentPostprocessing = 0;
		};
		BBCC0D6D1CB56B280007CAF0 /* Frameworks */ = {
			isa = PBXFrameworksBuildPhase;
			buildActionMask = 2147483647;
			files = (
			);
			runOnlyForDeploymentPostprocessing = 0;
		};
		BBCC0D781CB56B280007CAF0 /* Frameworks */ = {
			isa = PBXFrameworksBuildPhase;
			buildActionMask = 2147483647;
			files = (
			);
			runOnlyForDeploymentPostprocessing = 0;
		};
/* End PBXFrameworksBuildPhase section */

/* Begin PBXGroup section */
		BBCC0D531CB56B280007CAF0 = {
			isa = PBXGroup;
			children = (
				BBCC0D5E1CB56B280007CAF0 /* switch */,
				BBCC0D731CB56B280007CAF0 /* switchTests */,
				BBCC0D7E1CB56B280007CAF0 /* switchUITests */,
				BBCC0D5D1CB56B280007CAF0 /* Products */,
			);
			sourceTree = "<group>";
		};
		BBCC0D5D1CB56B280007CAF0 /* Products */ = {
			isa = PBXGroup;
			children = (
				BBCC0D5C1CB56B280007CAF0 /* switch.app */,
				BBCC0D701CB56B280007CAF0 /* switchTests.xctest */,
				BBCC0D7B1CB56B280007CAF0 /* switchUITests.xctest */,
			);
			name = Products;
			sourceTree = "<group>";
		};
		BBCC0D5E1CB56B280007CAF0 /* switch */ = {
			isa = PBXGroup;
			children = (
				BBCC0D5F1CB56B280007CAF0 /* AppDelegate.swift */,
				BBCC0D611CB56B280007CAF0 /* ViewController.swift */,
				BBCC0D631CB56B280007CAF0 /* Main.storyboard */,
				BBCC0D661CB56B280007CAF0 /* Assets.xcassets */,
				BBCC0D681CB56B280007CAF0 /* LaunchScreen.storyboard */,
				BBCC0D6B1CB56B280007CAF0 /* Info.plist */,
			);
			path = switch;
			sourceTree = "<group>";
		};
		BBCC0D731CB56B280007CAF0 /* switchTests */ = {
			isa = PBXGroup;
			children = (
				BBCC0D741CB56B280007CAF0 /* switchTests.swift */,
				BBCC0D761CB56B280007CAF0 /* Info.plist */,
			);
			path = switchTests;
			sourceTree = "<group>";
		};
		BBCC0D7E1CB56B280007CAF0 /* switchUITests */ = {
			isa = PBXGroup;
			children = (
				BBCC0D7F1CB56B280007CAF0 /* switchUITests.swift */,
				BBCC0D811CB56B280007CAF0 /* Info.plist */,
			);
			path = switchUITests;
			sourceTree = "<group>";
		};
/* End PBXGroup section */

/* Begin PBXNativeTarget section */
		BBCC0D5B1CB56B280007CAF0 /* switch */ = {
			isa = PBXNativeTarget;
			buildConfigurationList = BBCC0D841CB56B280007CAF0 /* Build configuration list for PBXNativeTarget "switch" */;
			buildPhases = (
				BBCC0D581CB56B280007CAF0 /* Sources */,
				BBCC0D591CB56B280007CAF0 /* Frameworks */,
				BBCC0D5A1CB56B280007CAF0 /* Resources */,
			);
			buildRules = (
			);
			dependencies = (
			);
			name = switch;
			productName = switch;
			productReference = BBCC0D5C1CB56B280007CAF0 /* switch.app */;
			productType = "com.apple.product-type.application";
		};
		BBCC0D6F1CB56B280007CAF0 /* switchTests */ = {
			isa = PBXNativeTarget;
			buildConfigurationList = BBCC0D871CB56B280007CAF0 /* Build configuration list for PBXNativeTarget "switchTests" */;
			buildPhases = (
				BBCC0D6C1CB56B280007CAF0 /* Sources */,
				BBCC0D6D1CB56B280007CAF0 /* Frameworks */,
				BBCC0D6E1CB56B280007CAF0 /* Resources */,
			);
			buildRules = (
			);
			dependencies = (
				BBCC0D721CB56B280007CAF0 /* PBXTargetDependency */,
			);
			name = switchTests;
			productName = switchTests;
			productReference = BBCC0D701CB56B280007CAF0 /* switchTests.xctest */;
			productType = "com.apple.product-type.bundle.unit-test";
		};
		BBCC0D7A1CB56B280007CAF0 /* switchUITests */ = {
			isa = PBXNativeTarget;
			buildConfigurationList = BBCC0D8A1CB56B280007CAF0 /* Build configuration list for PBXNativeTarget "switchUITests" */;
			buildPhases = (
				BBCC0D771CB56B280007CAF0 /* Sources */,
				BBCC0D781CB56B280007CAF0 /* Frameworks */,
				BBCC0D791CB56B280007CAF0 /* Resources */,
			);
			buildRules = (
			);
			dependencies = (
				BBCC0D7D1CB56B280007CAF0 /* PBXTargetDependency */,
			);
			name = switchUITests;
			productName = switchUITests;
			productReference = BBCC0D7B1CB56B280007CAF0 /* switchUITests.xctest */;
			productType = "com.apple.product-type.bundle.ui-testing";
		};
/* End PBXNativeTarget section */

/* Begin PBXProject section */
		BBCC0D541CB56B280007CAF0 /* Project object */ = {
			isa = PBXProject;
			attributes = {
				LastSwiftUpdateCheck = 0730;
				LastUpgradeCheck = 0730;
				ORGANIZATIONNAME = simon;
				TargetAttributes = {
					BBCC0D5B1CB56B280007CAF0 = {
						CreatedOnToolsVersion = 7.3;
					};
					BBCC0D6F1CB56B280007CAF0 = {
						CreatedOnToolsVersion = 7.3;
						TestTargetID = BBCC0D5B1CB56B280007CAF0;
					};
					BBCC0D7A1CB56B280007CAF0 = {
						CreatedOnToolsVersion = 7.3;
						TestTargetID = BBCC0D5B1CB56B280007CAF0;
					};
				};
			};
			buildConfigurationList = BBCC0D571CB56B280007CAF0 /* Build configuration list for PBXProject "switch" */;
			compatibilityVersion = "Xcode 3.2";
			developmentRegion = English;
			hasScannedForEncodings = 0;
			knownRegions = (
				en,
				Base,
			);
			mainGroup = BBCC0D531CB56B280007CAF0;
			productRefGroup = BBCC0D5D1CB56B280007CAF0 /* Products */;
			projectDirPath = "";
			projectRoot = "";
			targets = (
				BBCC0D5B1CB56B280007CAF0 /* switch */,
				BBCC0D6F1CB56B280007CAF0 /* switchTests */,
				BBCC0D7A1CB56B280007CAF0 /* switchUITests */,
			);
		};
/* End PBXProject section */

/* Begin PBXResourcesBuildPhase section */
		BBCC0D5A1CB56B280007CAF0 /* Resources */ = {
			isa = PBXResourcesBuildPhase;
			buildActionMask = 2147483647;
			files = (
				BBCC0D6A1CB56B280007CAF0 /* LaunchScreen.storyboard in Resources */,
				BBCC0D671CB56B280007CAF0 /* Assets.xcassets in Resources */,
				BBCC0D651CB56B280007CAF0 /* Main.storyboard in Resources */,
			);
			runOnlyForDeploymentPostprocessing = 0;
		};
		BBCC0D6E1CB56B280007CAF0 /* Resources */ = {
			isa = PBXResourcesBuildPhase;
			buildActionMask = 2147483647;
			files = (
			);
			runOnlyForDeploymentPostprocessing = 0;
		};
		BBCC0D791CB56B280007CAF0 /* Resources */ = {
			isa = PBXResourcesBuildPhase;
			buildActionMask = 2147483647;
			files = (
			);
			runOnlyForDeploymentPostprocessing = 0;
		};
/* End PBXResourcesBuildPhase section */

/* Begin PBXSourcesBuildPhase section */
		BBCC0D581CB56B280007CAF0 /* Sources */ = {
			isa = PBXSourcesBuildPhase;
			buildActionMask = 2147483647;
			files = (
				BBCC0D621CB56B280007CAF0 /* ViewController.swift in Sources */,
				BBCC0D601CB56B280007CAF0 /* AppDelegate.swift in Sources */,
			);
			runOnlyForDeploymentPostprocessing = 0;
		};
		BBCC0D6C1CB56B280007CAF0 /* Sources */ = {
			isa = PBXSourcesBuildPhase;
			buildActionMask = 2147483647;
			files = (
				BBCC0D751CB56B280007CAF0 /* switchTests.swift in Sources */,
			);
			runOnlyForDeploymentPostprocessing = 0;
		};
		BBCC0D771CB56B280007CAF0 /* Sources */ = {
			isa = PBXSourcesBuildPhase;
			buildActionMask = 2147483647;
			files = (
				BBCC0D801CB56B280007CAF0 /* switchUITests.swift in Sources */,
			);
			runOnlyForDeploymentPostprocessing = 0;
		};
/* End PBXSourcesBuildPhase section */

/* Begin PBXTargetDependency section */
		BBCC0D721CB56B280007CAF0 /* PBXTargetDependency */ = {
			isa = PBXTargetDependency;
			target = BBCC0D5B1CB56B280007CAF0 /* switch */;
			targetProxy = BBCC0D711CB56B280007CAF0 /* PBXContainerItemProxy */;
		};
		BBCC0D7D1CB56B280007CAF0 /* PBXTargetDependency */ = {
			isa = PBXTargetDependency;
			target = BBCC0D5B1CB56B280007CAF0 /* switch */;
			targetProxy = BBCC0D7C1CB56B280007CAF0 /* PBXContainerItemProxy */;
		};
/* End PBXTargetDependency section */

/* Begin PBXVariantGroup section */
		BBCC0D631CB56B280007CAF0 /* Main.storyboard */ = {
			isa = PBXVariantGroup;
			children = (
				BBCC0D641CB56B280007CAF0 /* Base */,
			);
			name = Main.storyboard;
			sourceTree = "<group>";
		};
		BBCC0D681CB56B280007CAF0 /* LaunchScreen.storyboard */ = {
			isa = PBXVariantGroup;
			children = (
				BBCC0D691CB56B280007CAF0 /* Base */,
			);
			name = LaunchScreen.storyboard;
			sourceTree = "<group>";
		};
/* End PBXVariantGroup section */

/* Begin XCBuildConfiguration section */
		BBCC0D821CB56B280007CAF0 /* Debug */ = {
			isa = XCBuildConfiguration;
			buildSettings = {
				ALWAYS_SEARCH_USER_PATHS = NO;
				CLANG_ANALYZER_NONNULL = YES;
				CLANG_CXX_LANGUAGE_STANDARD = "gnu++0x";
				CLANG_CXX_LIBRARY = "libc++";
				CLANG_ENABLE_MODULES = YES;
				CLANG_ENABLE_OBJC_ARC = YES;
				CLANG_WARN_BOOL_CONVERSION = YES;
				CLANG_WARN_CONSTANT_CONVERSION = YES;
				CLANG_WARN_DIRECT_OBJC_ISA_USAGE = YES_ERROR;
				CLANG_WARN_EMPTY_BODY = YES;
				CLANG_WARN_ENUM_CONVERSION = YES;
				CLANG_WARN_INT_CONVERSION = YES;
				CLANG_WARN_OBJC_ROOT_CLASS = YES_ERROR;
				CLANG_WARN_UNREACHABLE_CODE = YES;
				CLANG_WARN__DUPLICATE_METHOD_MATCH = YES;
				"CODE_SIGN_IDENTITY[sdk=iphoneos*]" = "iPhone Developer";
				COPY_PHASE_STRIP = NO;
				DEBUG_INFORMATION_FORMAT = dwarf;
				ENABLE_STRICT_OBJC_MSGSEND = YES;
				ENABLE_TESTABILITY = YES;
				GCC_C_LANGUAGE_STANDARD = gnu99;
				GCC_DYNAMIC_NO_PIC = NO;
				GCC_NO_COMMON_BLOCKS = YES;
				GCC_OPTIMIZATION_LEVEL = 0;
				GCC_PREPROCESSOR_DEFINITIONS = (
					"DEBUG=1",
					"$(inherited)",
				);
				GCC_WARN_64_TO_32_BIT_CONVERSION = YES;
				GCC_WARN_ABOUT_RETURN_TYPE = YES_ERROR;
				GCC_WARN_UNDECLARED_SELECTOR = YES;
				GCC_WARN_UNINITIALIZED_AUTOS = YES_AGGRESSIVE;
				GCC_WARN_UNUSED_FUNCTION = YES;
				GCC_WARN_UNUSED_VARIABLE = YES;
				IPHONEOS_DEPLOYMENT_TARGET = 9.3;
				MTL_ENABLE_DEBUG_INFO = YES;
				ONLY_ACTIVE_ARCH = YES;
				SDKROOT = iphoneos;
				SWIFT_OPTIMIZATION_LEVEL = "-Onone";
			};
			name = Debug;
		};
		BBCC0D831CB56B280007CAF0 /* Release */ = {
			isa = XCBuildConfiguration;
			buildSettings = {
				ALWAYS_SEARCH_USER_PATHS = NO;
				CLANG_ANALYZER_NONNULL = YES;
				CLANG_CXX_LANGUAGE_STANDARD = "gnu++0x";
				CLANG_CXX_LIBRARY = "libc++";
				CLANG_ENABLE_MODULES = YES;
				CLANG_ENABLE_OBJC_ARC = YES;
				CLANG_WARN_BOOL_CONVERSION = YES;
				CLANG_WARN_CONSTANT_CONVERSION = YES;
				CLANG_WARN_DIRECT_OBJC_ISA_USAGE = YES_ERROR;
				CLANG_WARN_EMPTY_BODY = YES;
				CLANG_WARN_ENUM_CONVERSION = YES;
				CLANG_WARN_INT_CONVERSION = YES;
				CLANG_WARN_OBJC_ROOT_CLASS = YES_ERROR;
				CLANG_WARN_UNREACHABLE_CODE = YES;
				CLANG_WARN__DUPLICATE_METHOD_MATCH = YES;
				"CODE_SIGN_IDENTITY[sdk=iphoneos*]" = "iPhone Developer";
				COPY_PHASE_STRIP = NO;
				DEBUG_INFORMATION_FORMAT = "dwarf-with-dsym";
				ENABLE_NS_ASSERTIONS = NO;
				ENABLE_STRICT_OBJC_MSGSEND = YES;
				GCC_C_LANGUAGE_STANDARD = gnu99;
				GCC_NO_COMMON_BLOCKS = YES;
				GCC_WARN_64_TO_32_BIT_CONVERSION = YES;
				GCC_WARN_ABOUT_RETURN_TYPE = YES_ERROR;
				GCC_WARN_UNDECLARED_SELECTOR = YES;
				GCC_WARN_UNINITIALIZED_AUTOS = YES_AGGRESSIVE;
				GCC_WARN_UNUSED_FUNCTION = YES;
				GCC_WARN_UNUSED_VARIABLE = YES;
				IPHONEOS_DEPLOYMENT_TARGET = 9.3;
				MTL_ENABLE_DEBUG_INFO = NO;
				SDKROOT = iphoneos;
				VALIDATE_PRODUCT = YES;
			};
			name = Release;
		};
		BBCC0D851CB56B280007CAF0 /* Debug */ = {
			isa = XCBuildConfiguration;
			buildSettings = {
				ASSETCATALOG_COMPILER_APPICON_NAME = AppIcon;
				INFOPLIST_FILE = switch/Info.plist;
				LD_RUNPATH_SEARCH_PATHS = "$(inherited) @executable_path/Frameworks";
				PRODUCT_BUNDLE_IDENTIFIER = simon.dev1.switch;
				PRODUCT_NAME = "$(TARGET_NAME)";
			};
			name = Debug;
		};
		BBCC0D861CB56B280007CAF0 /* Release */ = {
			isa = XCBuildConfiguration;
			buildSettings = {
				ASSETCATALOG_COMPILER_APPICON_NAME = AppIcon;
				INFOPLIST_FILE = switch/Info.plist;
				LD_RUNPATH_SEARCH_PATHS = "$(inherited) @executable_path/Frameworks";
				PRODUCT_BUNDLE_IDENTIFIER = simon.dev1.switch;
				PRODUCT_NAME = "$(TARGET_NAME)";
			};
			name = Release;
		};
		BBCC0D881CB56B280007CAF0 /* Debug */ = {
			isa = XCBuildConfiguration;
			buildSettings = {
				BUNDLE_LOADER = "$(TEST_HOST)";
				INFOPLIST_FILE = switchTests/Info.plist;
				LD_RUNPATH_SEARCH_PATHS = "$(inherited) @executable_path/Frameworks @loader_path/Frameworks";
				PRODUCT_BUNDLE_IDENTIFIER = simon.dev1.switchTests;
				PRODUCT_NAME = "$(TARGET_NAME)";
				TEST_HOST = "$(BUILT_PRODUCTS_DIR)/switch.app/switch";
			};
			name = Debug;
		};
		BBCC0D891CB56B280007CAF0 /* Release */ = {
			isa = XCBuildConfiguration;
			buildSettings = {
				BUNDLE_LOADER = "$(TEST_HOST)";
				INFOPLIST_FILE = switchTests/Info.plist;
				LD_RUNPATH_SEARCH_PATHS = "$(inherited) @executable_path/Frameworks @loader_path/Frameworks";
				PRODUCT_BUNDLE_IDENTIFIER = simon.dev1.switchTests;
				PRODUCT_NAME = "$(TARGET_NAME)";
				TEST_HOST = "$(BUILT_PRODUCTS_DIR)/switch.app/switch";
			};
			name = Release;
		};
		BBCC0D8B1CB56B280007CAF0 /* Debug */ = {
			isa = XCBuildConfiguration;
			buildSettings = {
				INFOPLIST_FILE = switchUITests/Info.plist;
				LD_RUNPATH_SEARCH_PATHS = "$(inherited) @executable_path/Frameworks @loader_path/Frameworks";
				PRODUCT_BUNDLE_IDENTIFIER = simon.dev1.switchUITests;
				PRODUCT_NAME = "$(TARGET_NAME)";
				TEST_TARGET_NAME = switch;
			};
			name = Debug;
		};
		BBCC0D8C1CB56B280007CAF0 /* Release */ = {
			isa = XCBuildConfiguration;
			buildSettings = {
				INFOPLIST_FILE = switchUITests/Info.plist;
				LD_RUNPATH_SEARCH_PATHS = "$(inherited) @executable_path/Frameworks @loader_path/Frameworks";
				PRODUCT_BUNDLE_IDENTIFIER = simon.dev1.switchUITests;
				PRODUCT_NAME = "$(TARGET_NAME)";
				TEST_TARGET_NAME = switch;
			};
			name = Release;
		};
/* End XCBuildConfiguration section */

/* Begin XCConfigurationList section */
		BBCC0D571CB56B280007CAF0 /* Build configuration list for PBXProject "switch" */ = {
			isa = XCConfigurationList;
			buildConfigurations = (
				BBCC0D821CB56B280007CAF0 /* Debug */,
				BBCC0D831CB56B280007CAF0 /* Release */,
			);
			defaultConfigurationIsVisible = 0;
			defaultConfigurationName = Release;
		};
		BBCC0D841CB56B280007CAF0 /* Build configuration list for PBXNativeTarget "switch" */ = {
			isa = XCConfigurationList;
			buildConfigurations = (
				BBCC0D851CB56B280007CAF0 /* Debug */,
				BBCC0D861CB56B280007CAF0 /* Release */,
			);
			defaultConfigurationIsVisible = 0;
		};
		BBCC0D871CB56B280007CAF0 /* Build configuration list for PBXNativeTarget "switchTests" */ = {
			isa = XCConfigurationList;
			buildConfigurations = (
				BBCC0D881CB56B280007CAF0 /* Debug */,
				BBCC0D891CB56B280007CAF0 /* Release */,
			);
			defaultConfigurationIsVisible = 0;
		};
		BBCC0D8A1CB56B280007CAF0 /* Build configuration list for PBXNativeTarget "switchUITests" */ = {
			isa = XCConfigurationList;
			buildConfigurations = (
				BBCC0D8B1CB56B280007CAF0 /* Debug */,
				BBCC0D8C1CB56B280007CAF0 /* Release */,
			);
			defaultConfigurationIsVisible = 0;
		};
/* End XCConfigurationList section */
	};
	rootObject = BBCC0D541CB56B280007CAF0 /* Project object */;
}
